<?xml version="1.0" encoding="UTF-8" standalone="yes" ?>
<CodeBlocks_project_file>
	<FileVersion major="1" minor="6" />
	<Project>
		<Option title="Huffman" />
		<Option pch_mode="2" />
		<Option compiler="gcc" />
		<Build>
			<Target title="Debug">
				<Option output="bin/Debug/Huffman" prefix_auto="1" extension_auto="1" />
				<Option object_output="obj/Debug/" />
				<Option type="1" />
				<Option compiler="gcc" />
				<Compiler>
					<Add option="-g" />
				</Compiler>
			</Target>
			<Target title="Release">
				<Option output="bin/Release/Huffman" prefix_auto="1" extension_auto="1" />
				<Option object_output="obj/Release/" />
				<Option type="1" />
				<Option compiler="gcc" />
				<Compiler>
					<Add option="-O2" />
				</Compiler>
				<Linker>
					<Add option="-s" />
				</Linker>
			</Target>
		</Build>
		<Compiler>
			<Add option="-Wall" />
			<Add option="-fexceptions" />
		</Compiler>
		<Unit filename="../CharBag.cpp" />
		<Unit filename="../CharBag.h" />
		<Unit filename="../CharBagTest.cpp" />
		<Unit filename="../CharBagTest.h" />
		<Unit filename="../HuffmanCoding.cpp" />
		<Unit filename="../HuffmanTree.cpp" />
		<Unit filename="../HuffmanTree.h" />
		<Unit filename="../HuffmanTreeTest.cpp" />
		<Unit filename="../HuffmanTreeTest.h" />
		<Unit filename="../LinkedList.cpp" />
		<Unit filename="../LinkedList.h" />
		<Unit filename="../LinkedListTest.cpp" />
		<Unit filename="../LinkedListTest.h" />
		<Unit filename="../PriorityQueue.cpp" />
		<Unit filename="../PriorityQueue.h" />
		<Unit filename="../PriorityQueueTest.cpp" />
		<Unit filename="../PriorityQueueTest.h" />
		<Unit filename="../ZipTable.cpp" />
		<Unit filename="../ZipTable.h" />
		<Unit filename="../main.cpp" />
		<Extensions>
			<code_completion />
			<debugger />
		</Extensions>
	</Project>
</CodeBlocks_project_file>
